# THIS IS AN AUTOGENERATED FILE. DO NOT EDIT THIS FILE DIRECTLY.
# yarn lockfile v1


prettier@^1.18.1:
  version "1.18.1"
  resolved "https://registry.yarnpkg.com/prettier/-/prettier-1.18.1.tgz#2c79bdc97cbd457fc56e2f37c91cf076d69a8e07"
  integrity sha512-cO2Lm9UuFJHhNgHSChbFddQEzNPP+sA6fX1tGmC0VNqTc2X+7EH0gpGWdEX0HfCe5+NVyOyyyWUpLKsb8LU5vg==
